
Microsoft Visual Studio Solution File, Format Version 12.00
# Visual Studio Version 16
VisualStudioVersion = 16.0.31112.23
MinimumVisualStudioVersion = 10.0.40219.1
Project("{FAE04EC0-301F-11D3-BF4B-00C04F79EFBC}") = "MedidorReforzado1", "MedidorReforzado1\MedidorReforzado1.csproj", "{BC0F6D80-8D5C-4186-AE73-68C700C53370}"
EndProject
Project("{FAE04EC0-301F-11D3-BF4B-00C04F79EFBC}") = "ModelsMedidor", "ModelsMedidor\ModelsMedidor.csproj", "{40ACE840-A53B-4160-9174-F98BFDBD285D}"
EndProject
Project("{FAE04EC0-301F-11D3-BF4B-00C04F79EFBC}") = "ServidorSocketUtils", "ServidorSocketUtils\ServidorSocketUtils.csproj", "{652A1E09-5EB4-43C4-89AB-9FEA2DA531B5}"
EndProject
Global
	GlobalSection(SolutionConfigurationPlatforms) = preSolution
		Debug|Any CPU = Debug|Any CPU
		Release|Any CPU = Release|Any CPU
	EndGlobalSection
	GlobalSection(ProjectConfigurationPlatforms) = postSolution
		{BC0F6D80-8D5C-4186-AE73-68C700C53370}.Debug|Any CPU.ActiveCfg = Debug|Any CPU
		{BC0F6D80-8D5C-4186-AE73-68C700C53370}.Debug|Any CPU.Build.0 = Debug|Any CPU
		{BC0F6D80-8D5C-4186-AE73-68C700C53370}.Release|Any CPU.ActiveCfg = Release|Any CPU
		{BC0F6D80-8D5C-4186-AE73-68C700C53370}.Release|Any CPU.Build.0 = Release|Any CPU
		{40ACE840-A53B-4160-9174-F98BFDBD285D}.Debug|Any CPU.ActiveCfg = Debug|Any CPU
		{40ACE840-A53B-4160-9174-F98BFDBD285D}.Debug|Any CPU.Build.0 = Debug|Any CPU
		{40ACE840-A53B-4160-9174-F98BFDBD285D}.Release|Any CPU.ActiveCfg = Release|Any CPU
		{40ACE840-A53B-4160-9174-F98BFDBD285D}.Release|Any CPU.Build.0 = Release|Any CPU
		{652A1E09-5EB4-43C4-89AB-9FEA2DA531B5}.Debug|Any CPU.ActiveCfg = Debug|Any CPU
		{652A1E09-5EB4-43C4-89AB-9FEA2DA531B5}.Debug|Any CPU.Build.0 = Debug|Any CPU
		{652A1E09-5EB4-43C4-89AB-9FEA2DA531B5}.Release|Any CPU.ActiveCfg = Release|Any CPU
		{652A1E09-5EB4-43C4-89AB-9FEA2DA531B5}.Release|Any CPU.Build.0 = Release|Any CPU
	EndGlobalSection
	GlobalSection(SolutionProperties) = preSolution
		HideSolutionNode = FALSE
	EndGlobalSection
	GlobalSection(ExtensibilityGlobals) = postSolution
		SolutionGuid = {E9DCB2DA-EE46-4920-84B3-CC4821C6CFAA}
	EndGlobalSection
EndGlobal
